
Microsoft Visual Studio Solution File, Format Version 12.00
# Visual Studio Version 17
VisualStudioVersion = 17.2.32630.192
MinimumVisualStudioVersion = 10.0.40219.1
Project("{9A19103F-16F7-4668-BE54-9A1E7A4F7556}") = "R5T.Z0021.Construction", "R5T.Z0021.Construction\R5T.Z0021.Construction.csproj", "{B58FFC00-7ACE-41D8-AA29-3077D256F69E}"
EndProject
Project("{9A19103F-16F7-4668-BE54-9A1E7A4F7556}") = "R5T.Z0021", "R5T.Z0021\R5T.Z0021.csproj", "{09B5A9F2-B2C9-4B83-9D7C-C73EBEBA5C3F}"
EndProject
Global
	GlobalSection(SolutionConfigurationPlatforms) = preSolution
		Debug|Any CPU = Debug|Any CPU
		Release|Any CPU = Release|Any CPU
	EndGlobalSection
	GlobalSection(ProjectConfigurationPlatforms) = postSolution
		{B58FFC00-7ACE-41D8-AA29-3077D256F69E}.Debug|Any CPU.ActiveCfg = Debug|Any CPU
		{B58FFC00-7ACE-41D8-AA29-3077D256F69E}.Debug|Any CPU.Build.0 = Debug|Any CPU
		{B58FFC00-7ACE-41D8-AA29-3077D256F69E}.Release|Any CPU.ActiveCfg = Release|Any CPU
		{B58FFC00-7ACE-41D8-AA29-3077D256F69E}.Release|Any CPU.Build.0 = Release|Any CPU
		{09B5A9F2-B2C9-4B83-9D7C-C73EBEBA5C3F}.Debug|Any CPU.ActiveCfg = Debug|Any CPU
		{09B5A9F2-B2C9-4B83-9D7C-C73EBEBA5C3F}.Debug|Any CPU.Build.0 = Debug|Any CPU
		{09B5A9F2-B2C9-4B83-9D7C-C73EBEBA5C3F}.Release|Any CPU.ActiveCfg = Release|Any CPU
		{09B5A9F2-B2C9-4B83-9D7C-C73EBEBA5C3F}.Release|Any CPU.Build.0 = Release|Any CPU
	EndGlobalSection
	GlobalSection(SolutionProperties) = preSolution
		HideSolutionNode = FALSE
	EndGlobalSection
	GlobalSection(ExtensibilityGlobals) = postSolution
		SolutionGuid = {8A8B6D08-CFD5-4E7A-B9EB-EAD363CED7A5}
	EndGlobalSection
EndGlobal
